
Microsoft Visual Studio Solution File, Format Version 12.00
# Visual Studio 15
VisualStudioVersion = 15.0.26124.0
MinimumVisualStudioVersion = 15.0.26124.0
Project("{FAE04EC0-301F-11D3-BF4B-00C04F79EFBC}") = "WebMonitorSensor.TestClient", "WebMonitorSensor.TestClient\WebMonitorSensor.TestClient.csproj", "{E9FBBEA5-1579-41FB-985A-DC771E5F50B6}"
EndProject
Project("{FAE04EC0-301F-11D3-BF4B-00C04F79EFBC}") = "Common", "Common\Common.csproj", "{9AEB82AB-E0C6-4FA4-95B9-D97DBBA1771E}"
EndProject
Project("{FAE04EC0-301F-11D3-BF4B-00C04F79EFBC}") = "Ids.Tests", "Ids.Tests\Ids.Tests.csproj", "{153BBC0A-D79B-4604-B2EA-53B80CFCE30D}"
EndProject
Project("{FAE04EC0-301F-11D3-BF4B-00C04F79EFBC}") = "Reporters", "Reporters\Reporters.csproj", "{2A11C9A0-25BD-42F7-AA90-EDC5C3DDAD8C}"
EndProject
Project("{FAE04EC0-301F-11D3-BF4B-00C04F79EFBC}") = "Analysers", "Analysers\Analysers.csproj", "{17D890BF-E75C-4A46-AEED-4C822B1AE586}"
EndProject
Global
	GlobalSection(SolutionConfigurationPlatforms) = preSolution
		Debug|Any CPU = Debug|Any CPU
		Debug|x64 = Debug|x64
		Debug|x86 = Debug|x86
		Release|Any CPU = Release|Any CPU
		Release|x64 = Release|x64
		Release|x86 = Release|x86
	EndGlobalSection
	GlobalSection(SolutionProperties) = preSolution
		HideSolutionNode = FALSE
	EndGlobalSection
	GlobalSection(ProjectConfigurationPlatforms) = postSolution
		{E9FBBEA5-1579-41FB-985A-DC771E5F50B6}.Debug|Any CPU.ActiveCfg = Debug|Any CPU
		{E9FBBEA5-1579-41FB-985A-DC771E5F50B6}.Debug|Any CPU.Build.0 = Debug|Any CPU
		{E9FBBEA5-1579-41FB-985A-DC771E5F50B6}.Debug|x64.ActiveCfg = Debug|Any CPU
		{E9FBBEA5-1579-41FB-985A-DC771E5F50B6}.Debug|x64.Build.0 = Debug|Any CPU
		{E9FBBEA5-1579-41FB-985A-DC771E5F50B6}.Debug|x86.ActiveCfg = Debug|Any CPU
		{E9FBBEA5-1579-41FB-985A-DC771E5F50B6}.Debug|x86.Build.0 = Debug|Any CPU
		{E9FBBEA5-1579-41FB-985A-DC771E5F50B6}.Release|Any CPU.ActiveCfg = Release|Any CPU
		{E9FBBEA5-1579-41FB-985A-DC771E5F50B6}.Release|Any CPU.Build.0 = Release|Any CPU
		{E9FBBEA5-1579-41FB-985A-DC771E5F50B6}.Release|x64.ActiveCfg = Release|Any CPU
		{E9FBBEA5-1579-41FB-985A-DC771E5F50B6}.Release|x64.Build.0 = Release|Any CPU
		{E9FBBEA5-1579-41FB-985A-DC771E5F50B6}.Release|x86.ActiveCfg = Release|Any CPU
		{E9FBBEA5-1579-41FB-985A-DC771E5F50B6}.Release|x86.Build.0 = Release|Any CPU
		{9AEB82AB-E0C6-4FA4-95B9-D97DBBA1771E}.Debug|Any CPU.ActiveCfg = Debug|Any CPU
		{9AEB82AB-E0C6-4FA4-95B9-D97DBBA1771E}.Debug|Any CPU.Build.0 = Debug|Any CPU
		{9AEB82AB-E0C6-4FA4-95B9-D97DBBA1771E}.Debug|x64.ActiveCfg = Debug|Any CPU
		{9AEB82AB-E0C6-4FA4-95B9-D97DBBA1771E}.Debug|x64.Build.0 = Debug|Any CPU
		{9AEB82AB-E0C6-4FA4-95B9-D97DBBA1771E}.Debug|x86.ActiveCfg = Debug|Any CPU
		{9AEB82AB-E0C6-4FA4-95B9-D97DBBA1771E}.Debug|x86.Build.0 = Debug|Any CPU
		{9AEB82AB-E0C6-4FA4-95B9-D97DBBA1771E}.Release|Any CPU.ActiveCfg = Release|Any CPU
		{9AEB82AB-E0C6-4FA4-95B9-D97DBBA1771E}.Release|Any CPU.Build.0 = Release|Any CPU
		{9AEB82AB-E0C6-4FA4-95B9-D97DBBA1771E}.Release|x64.ActiveCfg = Release|Any CPU
		{9AEB82AB-E0C6-4FA4-95B9-D97DBBA1771E}.Release|x64.Build.0 = Release|Any CPU
		{9AEB82AB-E0C6-4FA4-95B9-D97DBBA1771E}.Release|x86.ActiveCfg = Release|Any CPU
		{9AEB82AB-E0C6-4FA4-95B9-D97DBBA1771E}.Release|x86.Build.0 = Release|Any CPU
		{153BBC0A-D79B-4604-B2EA-53B80CFCE30D}.Debug|Any CPU.ActiveCfg = Debug|Any CPU
		{153BBC0A-D79B-4604-B2EA-53B80CFCE30D}.Debug|Any CPU.Build.0 = Debug|Any CPU
		{153BBC0A-D79B-4604-B2EA-53B80CFCE30D}.Debug|x64.ActiveCfg = Debug|Any CPU
		{153BBC0A-D79B-4604-B2EA-53B80CFCE30D}.Debug|x64.Build.0 = Debug|Any CPU
		{153BBC0A-D79B-4604-B2EA-53B80CFCE30D}.Debug|x86.ActiveCfg = Debug|Any CPU
		{153BBC0A-D79B-4604-B2EA-53B80CFCE30D}.Debug|x86.Build.0 = Debug|Any CPU
		{153BBC0A-D79B-4604-B2EA-53B80CFCE30D}.Release|Any CPU.ActiveCfg = Release|Any CPU
		{153BBC0A-D79B-4604-B2EA-53B80CFCE30D}.Release|Any CPU.Build.0 = Release|Any CPU
		{153BBC0A-D79B-4604-B2EA-53B80CFCE30D}.Release|x64.ActiveCfg = Release|Any CPU
		{153BBC0A-D79B-4604-B2EA-53B80CFCE30D}.Release|x64.Build.0 = Release|Any CPU
		{153BBC0A-D79B-4604-B2EA-53B80CFCE30D}.Release|x86.ActiveCfg = Release|Any CPU
		{153BBC0A-D79B-4604-B2EA-53B80CFCE30D}.Release|x86.Build.0 = Release|Any CPU
		{2A11C9A0-25BD-42F7-AA90-EDC5C3DDAD8C}.Debug|Any CPU.ActiveCfg = Debug|Any CPU
		{2A11C9A0-25BD-42F7-AA90-EDC5C3DDAD8C}.Debug|Any CPU.Build.0 = Debug|Any CPU
		{2A11C9A0-25BD-42F7-AA90-EDC5C3DDAD8C}.Debug|x64.ActiveCfg = Debug|Any CPU
		{2A11C9A0-25BD-42F7-AA90-EDC5C3DDAD8C}.Debug|x64.Build.0 = Debug|Any CPU
		{2A11C9A0-25BD-42F7-AA90-EDC5C3DDAD8C}.Debug|x86.ActiveCfg = Debug|Any CPU
		{2A11C9A0-25BD-42F7-AA90-EDC5C3DDAD8C}.Debug|x86.Build.0 = Debug|Any CPU
		{2A11C9A0-25BD-42F7-AA90-EDC5C3DDAD8C}.Release|Any CPU.ActiveCfg = Release|Any CPU
		{2A11C9A0-25BD-42F7-AA90-EDC5C3DDAD8C}.Release|Any CPU.Build.0 = Release|Any CPU
		{2A11C9A0-25BD-42F7-AA90-EDC5C3DDAD8C}.Release|x64.ActiveCfg = Release|Any CPU
		{2A11C9A0-25BD-42F7-AA90-EDC5C3DDAD8C}.Release|x64.Build.0 = Release|Any CPU
		{2A11C9A0-25BD-42F7-AA90-EDC5C3DDAD8C}.Release|x86.ActiveCfg = Release|Any CPU
		{2A11C9A0-25BD-42F7-AA90-EDC5C3DDAD8C}.Release|x86.Build.0 = Release|Any CPU
		{17D890BF-E75C-4A46-AEED-4C822B1AE586}.Debug|Any CPU.ActiveCfg = Debug|Any CPU
		{17D890BF-E75C-4A46-AEED-4C822B1AE586}.Debug|Any CPU.Build.0 = Debug|Any CPU
		{17D890BF-E75C-4A46-AEED-4C822B1AE586}.Debug|x64.ActiveCfg = Debug|Any CPU
		{17D890BF-E75C-4A46-AEED-4C822B1AE586}.Debug|x64.Build.0 = Debug|Any CPU
		{17D890BF-E75C-4A46-AEED-4C822B1AE586}.Debug|x86.ActiveCfg = Debug|Any CPU
		{17D890BF-E75C-4A46-AEED-4C822B1AE586}.Debug|x86.Build.0 = Debug|Any CPU
		{17D890BF-E75C-4A46-AEED-4C822B1AE586}.Release|Any CPU.ActiveCfg = Release|Any CPU
		{17D890BF-E75C-4A46-AEED-4C822B1AE586}.Release|Any CPU.Build.0 = Release|Any CPU
		{17D890BF-E75C-4A46-AEED-4C822B1AE586}.Release|x64.ActiveCfg = Release|Any CPU
		{17D890BF-E75C-4A46-AEED-4C822B1AE586}.Release|x64.Build.0 = Release|Any CPU
		{17D890BF-E75C-4A46-AEED-4C822B1AE586}.Release|x86.ActiveCfg = Release|Any CPU
		{17D890BF-E75C-4A46-AEED-4C822B1AE586}.Release|x86.Build.0 = Release|Any CPU
	EndGlobalSection
EndGlobal
